
Microsoft Visual Studio Solution File, Format Version 12.00
# Visual Studio 15
VisualStudioVersion = 15.0.27703.2035
MinimumVisualStudioVersion = 10.0.40219.1
Project("{FAE04EC0-301F-11D3-BF4B-00C04F79EFBC}") = "ex1", "ex1\ex1.csproj", "{56BA7A00-7778-4EA9-87DA-0F0E7F393725}"
EndProject
Project("{2150E333-8FDC-42A3-9474-1A3956D46DE8}") = "Exersices", "Exersices", "{3ABE93D3-FC93-4D76-9410-2A908EAE5248}"
EndProject
Project("{FAE04EC0-301F-11D3-BF4B-00C04F79EFBC}") = "ex2", "..\ex2\ex2\ex2.csproj", "{92066F55-2985-488D-B798-20E1FAED833F}"
EndProject
Project("{FAE04EC0-301F-11D3-BF4B-00C04F79EFBC}") = "ex3", "..\ex3\ex3\ex3.csproj", "{CA42474B-593E-428D-92FF-B8303FAC32BE}"
EndProject
Project("{FAE04EC0-301F-11D3-BF4B-00C04F79EFBC}") = "ex5", "..\ex5\ex5\ex5.csproj", "{7DFBF438-984D-4D44-A274-3811BE7B4DB4}"
EndProject
Project("{FAE04EC0-301F-11D3-BF4B-00C04F79EFBC}") = "ex7", "..\ex7\ex7\ex7.csproj", "{171937F2-9482-4816-921C-027864913CEE}"
EndProject
Project("{FAE04EC0-301F-11D3-BF4B-00C04F79EFBC}") = "ex6", "ex6\ex6.csproj", "{FDD299B8-625C-4ED1-91B7-325073198EF2}"
EndProject
Project("{FAE04EC0-301F-11D3-BF4B-00C04F79EFBC}") = "ex9", "ex.9\ex9.csproj", "{304FD402-1C2B-4ABF-91B4-E08768AC77DA}"
EndProject
Project("{FAE04EC0-301F-11D3-BF4B-00C04F79EFBC}") = "ex10", "ex10\ex10.csproj", "{33A5C4E1-ECD2-49EA-8AC4-7B1FCA2DACEC}"
EndProject
Project("{FAE04EC0-301F-11D3-BF4B-00C04F79EFBC}") = "ex11", "ex11\ex11.csproj", "{F0EF16F7-A1AF-4502-9852-05453D47E9CC}"
EndProject
Project("{FAE04EC0-301F-11D3-BF4B-00C04F79EFBC}") = "ex12", "ex12\ex12.csproj", "{58FB9575-2C72-4F6D-81EF-5E558F6CC26F}"
EndProject
Project("{FAE04EC0-301F-11D3-BF4B-00C04F79EFBC}") = "ex13", "ex13\ex13.csproj", "{7A3AB047-3FBD-42B0-8EA6-21980CB112D9}"
EndProject
Global
	GlobalSection(SolutionConfigurationPlatforms) = preSolution
		Debug|Any CPU = Debug|Any CPU
		Release|Any CPU = Release|Any CPU
	EndGlobalSection
	GlobalSection(ProjectConfigurationPlatforms) = postSolution
		{56BA7A00-7778-4EA9-87DA-0F0E7F393725}.Debug|Any CPU.ActiveCfg = Debug|Any CPU
		{56BA7A00-7778-4EA9-87DA-0F0E7F393725}.Debug|Any CPU.Build.0 = Debug|Any CPU
		{56BA7A00-7778-4EA9-87DA-0F0E7F393725}.Release|Any CPU.ActiveCfg = Debug|Any CPU
		{56BA7A00-7778-4EA9-87DA-0F0E7F393725}.Release|Any CPU.Build.0 = Debug|Any CPU
		{92066F55-2985-488D-B798-20E1FAED833F}.Debug|Any CPU.ActiveCfg = Debug|Any CPU
		{92066F55-2985-488D-B798-20E1FAED833F}.Debug|Any CPU.Build.0 = Debug|Any CPU
		{92066F55-2985-488D-B798-20E1FAED833F}.Release|Any CPU.ActiveCfg = Debug|Any CPU
		{92066F55-2985-488D-B798-20E1FAED833F}.Release|Any CPU.Build.0 = Debug|Any CPU
		{CA42474B-593E-428D-92FF-B8303FAC32BE}.Debug|Any CPU.ActiveCfg = Debug|Any CPU
		{CA42474B-593E-428D-92FF-B8303FAC32BE}.Debug|Any CPU.Build.0 = Debug|Any CPU
		{CA42474B-593E-428D-92FF-B8303FAC32BE}.Release|Any CPU.ActiveCfg = Debug|Any CPU
		{CA42474B-593E-428D-92FF-B8303FAC32BE}.Release|Any CPU.Build.0 = Debug|Any CPU
		{7DFBF438-984D-4D44-A274-3811BE7B4DB4}.Debug|Any CPU.ActiveCfg = Debug|Any CPU
		{7DFBF438-984D-4D44-A274-3811BE7B4DB4}.Debug|Any CPU.Build.0 = Debug|Any CPU
		{7DFBF438-984D-4D44-A274-3811BE7B4DB4}.Release|Any CPU.ActiveCfg = Debug|Any CPU
		{7DFBF438-984D-4D44-A274-3811BE7B4DB4}.Release|Any CPU.Build.0 = Debug|Any CPU
		{171937F2-9482-4816-921C-027864913CEE}.Debug|Any CPU.ActiveCfg = Debug|Any CPU
		{171937F2-9482-4816-921C-027864913CEE}.Debug|Any CPU.Build.0 = Debug|Any CPU
		{171937F2-9482-4816-921C-027864913CEE}.Release|Any CPU.ActiveCfg = Debug|Any CPU
		{171937F2-9482-4816-921C-027864913CEE}.Release|Any CPU.Build.0 = Debug|Any CPU
		{FDD299B8-625C-4ED1-91B7-325073198EF2}.Debug|Any CPU.ActiveCfg = Debug|Any CPU
		{FDD299B8-625C-4ED1-91B7-325073198EF2}.Debug|Any CPU.Build.0 = Debug|Any CPU
		{FDD299B8-625C-4ED1-91B7-325073198EF2}.Release|Any CPU.ActiveCfg = Debug|Any CPU
		{FDD299B8-625C-4ED1-91B7-325073198EF2}.Release|Any CPU.Build.0 = Debug|Any CPU
		{304FD402-1C2B-4ABF-91B4-E08768AC77DA}.Debug|Any CPU.ActiveCfg = Debug|Any CPU
		{304FD402-1C2B-4ABF-91B4-E08768AC77DA}.Debug|Any CPU.Build.0 = Debug|Any CPU
		{304FD402-1C2B-4ABF-91B4-E08768AC77DA}.Release|Any CPU.ActiveCfg = Debug|Any CPU
		{304FD402-1C2B-4ABF-91B4-E08768AC77DA}.Release|Any CPU.Build.0 = Debug|Any CPU
		{33A5C4E1-ECD2-49EA-8AC4-7B1FCA2DACEC}.Debug|Any CPU.ActiveCfg = Debug|Any CPU
		{33A5C4E1-ECD2-49EA-8AC4-7B1FCA2DACEC}.Debug|Any CPU.Build.0 = Debug|Any CPU
		{33A5C4E1-ECD2-49EA-8AC4-7B1FCA2DACEC}.Release|Any CPU.ActiveCfg = Debug|Any CPU
		{33A5C4E1-ECD2-49EA-8AC4-7B1FCA2DACEC}.Release|Any CPU.Build.0 = Debug|Any CPU
		{F0EF16F7-A1AF-4502-9852-05453D47E9CC}.Debug|Any CPU.ActiveCfg = Debug|Any CPU
		{F0EF16F7-A1AF-4502-9852-05453D47E9CC}.Debug|Any CPU.Build.0 = Debug|Any CPU
		{F0EF16F7-A1AF-4502-9852-05453D47E9CC}.Release|Any CPU.ActiveCfg = Release|Any CPU
		{F0EF16F7-A1AF-4502-9852-05453D47E9CC}.Release|Any CPU.Build.0 = Release|Any CPU
		{58FB9575-2C72-4F6D-81EF-5E558F6CC26F}.Debug|Any CPU.ActiveCfg = Debug|Any CPU
		{58FB9575-2C72-4F6D-81EF-5E558F6CC26F}.Debug|Any CPU.Build.0 = Debug|Any CPU
		{58FB9575-2C72-4F6D-81EF-5E558F6CC26F}.Release|Any CPU.ActiveCfg = Release|Any CPU
		{58FB9575-2C72-4F6D-81EF-5E558F6CC26F}.Release|Any CPU.Build.0 = Release|Any CPU
		{7A3AB047-3FBD-42B0-8EA6-21980CB112D9}.Debug|Any CPU.ActiveCfg = Debug|Any CPU
		{7A3AB047-3FBD-42B0-8EA6-21980CB112D9}.Debug|Any CPU.Build.0 = Debug|Any CPU
		{7A3AB047-3FBD-42B0-8EA6-21980CB112D9}.Release|Any CPU.ActiveCfg = Release|Any CPU
		{7A3AB047-3FBD-42B0-8EA6-21980CB112D9}.Release|Any CPU.Build.0 = Release|Any CPU
	EndGlobalSection
	GlobalSection(SolutionProperties) = preSolution
		HideSolutionNode = FALSE
	EndGlobalSection
	GlobalSection(NestedProjects) = preSolution
		{56BA7A00-7778-4EA9-87DA-0F0E7F393725} = {3ABE93D3-FC93-4D76-9410-2A908EAE5248}
		{92066F55-2985-488D-B798-20E1FAED833F} = {3ABE93D3-FC93-4D76-9410-2A908EAE5248}
		{CA42474B-593E-428D-92FF-B8303FAC32BE} = {3ABE93D3-FC93-4D76-9410-2A908EAE5248}
		{7DFBF438-984D-4D44-A274-3811BE7B4DB4} = {3ABE93D3-FC93-4D76-9410-2A908EAE5248}
		{171937F2-9482-4816-921C-027864913CEE} = {3ABE93D3-FC93-4D76-9410-2A908EAE5248}
		{FDD299B8-625C-4ED1-91B7-325073198EF2} = {3ABE93D3-FC93-4D76-9410-2A908EAE5248}
		{304FD402-1C2B-4ABF-91B4-E08768AC77DA} = {3ABE93D3-FC93-4D76-9410-2A908EAE5248}
		{33A5C4E1-ECD2-49EA-8AC4-7B1FCA2DACEC} = {3ABE93D3-FC93-4D76-9410-2A908EAE5248}
		{F0EF16F7-A1AF-4502-9852-05453D47E9CC} = {3ABE93D3-FC93-4D76-9410-2A908EAE5248}
		{58FB9575-2C72-4F6D-81EF-5E558F6CC26F} = {3ABE93D3-FC93-4D76-9410-2A908EAE5248}
		{7A3AB047-3FBD-42B0-8EA6-21980CB112D9} = {3ABE93D3-FC93-4D76-9410-2A908EAE5248}
	EndGlobalSection
	GlobalSection(ExtensibilityGlobals) = postSolution
		SolutionGuid = {D331D33C-15E2-4BDF-AEED-67323441121E}
	EndGlobalSection
EndGlobal
